
Microsoft Visual Studio Solution File, Format Version 12.00
# Visual Studio Version 16
VisualStudioVersion = 16.0.30320.27
MinimumVisualStudioVersion = 10.0.40219.1
Project("{FAE04EC0-301F-11D3-BF4B-00C04F79EFBC}") = "UC1LineComputation", "UC1LineComputation.csproj", "{58CE50C7-6383-4EBE-B23A-FA8F87F0DFFD}"
EndProject
Global
	GlobalSection(SolutionConfigurationPlatforms) = preSolution
		Debug|Any CPU = Debug|Any CPU
		Release|Any CPU = Release|Any CPU
	EndGlobalSection
	GlobalSection(ProjectConfigurationPlatforms) = postSolution
		{58CE50C7-6383-4EBE-B23A-FA8F87F0DFFD}.Debug|Any CPU.ActiveCfg = Debug|Any CPU
		{58CE50C7-6383-4EBE-B23A-FA8F87F0DFFD}.Debug|Any CPU.Build.0 = Debug|Any CPU
		{58CE50C7-6383-4EBE-B23A-FA8F87F0DFFD}.Release|Any CPU.ActiveCfg = Release|Any CPU
		{58CE50C7-6383-4EBE-B23A-FA8F87F0DFFD}.Release|Any CPU.Build.0 = Release|Any CPU
	EndGlobalSection
	GlobalSection(SolutionProperties) = preSolution
		HideSolutionNode = FALSE
	EndGlobalSection
	GlobalSection(ExtensibilityGlobals) = postSolution
		SolutionGuid = {C9FD5834-2184-4B26-914E-08F01EFBDB3A}
	EndGlobalSection
EndGlobal
