
Microsoft Visual Studio Solution File, Format Version 12.00
# Visual Studio Version 16
VisualStudioVersion = 16.0.30320.27
MinimumVisualStudioVersion = 10.0.40219.1
Project("{FAE04EC0-301F-11D3-BF4B-00C04F79EFBC}") = "UC2LineComputation", "UC2LineComputation.csproj", "{1FC5BDDF-9A98-4FA6-A449-82FFDB561454}"
EndProject
Global
	GlobalSection(SolutionConfigurationPlatforms) = preSolution
		Debug|Any CPU = Debug|Any CPU
		Release|Any CPU = Release|Any CPU
	EndGlobalSection
	GlobalSection(ProjectConfigurationPlatforms) = postSolution
		{1FC5BDDF-9A98-4FA6-A449-82FFDB561454}.Debug|Any CPU.ActiveCfg = Debug|Any CPU
		{1FC5BDDF-9A98-4FA6-A449-82FFDB561454}.Debug|Any CPU.Build.0 = Debug|Any CPU
		{1FC5BDDF-9A98-4FA6-A449-82FFDB561454}.Release|Any CPU.ActiveCfg = Release|Any CPU
		{1FC5BDDF-9A98-4FA6-A449-82FFDB561454}.Release|Any CPU.Build.0 = Release|Any CPU
	EndGlobalSection
	GlobalSection(SolutionProperties) = preSolution
		HideSolutionNode = FALSE
	EndGlobalSection
	GlobalSection(ExtensibilityGlobals) = postSolution
		SolutionGuid = {5EAB92E7-5FBF-4FD3-A9C6-DA863C488FEC}
	EndGlobalSection
EndGlobal
